<?xml version="1.0" encoding="utf-8"?>
<Project ToolsVersion="4.0" xmlns="http://schemas.microsoft.com/developer/msbuild/2003">
  <ItemGroup>
    <Filter Include="win32">
      <UniqueIdentifier>{84a8ebd7-7cf0-47f6-b75e-d441df67da40}</UniqueIdentifier>
    </Filter>
    <Filter Include="Classes">
      <UniqueIdentifier>{bb6c862e-70e9-49d9-81b7-3829a6f50471}</UniqueIdentifier>
    </Filter>
    <Filter Include="resource">
      <UniqueIdentifier>{715254bc-d70b-4ec5-bf29-467dd3ace079}</UniqueIdentifier>
    </Filter>
    <Filter Include="Classes\Scene">
      <UniqueIdentifier>{56a56185-0307-43e9-9673-405db7ea4278}</UniqueIdentifier>
    </Filter>
    <Filter Include="Classes\Scene\Base">
      <UniqueIdentifier>{6ed6bad8-dc40-4466-b78e-6df940182264}</UniqueIdentifier>
    </Filter>
    <Filter Include="Classes\Manager">
      <UniqueIdentifier>{deb97da9-665c-4d62-b1e8-2b94952dc677}</UniqueIdentifier>
    </Filter>
    <Filter Include="Classes\Scene\Game">
      <UniqueIdentifier>{cff7e61f-37f2-4e0a-8c24-d9600aa60f66}</UniqueIdentifier>
    </Filter>
    <Filter Include="Classes\Scene\Game\Frogger">
      <UniqueIdentifier>{4459115e-86ab-4128-bd8e-8b6336522e9e}</UniqueIdentifier>
    </Filter>
    <Filter Include="Classes\Scene\Game\Match">
      <UniqueIdentifier>{57f91eef-aece-4d2b-8fff-ab505dd97dd2}</UniqueIdentifier>
    </Filter>
    <Filter Include="Classes\Scene\Game\Racing">
      <UniqueIdentifier>{0af63241-50e1-4351-939a-a08268eb44f7}</UniqueIdentifier>
    </Filter>
    <Filter Include="Classes\Scene\Game\Snake">
      <UniqueIdentifier>{2f47c368-4b32-455e-af62-e90745a894b9}</UniqueIdentifier>
    </Filter>
    <Filter Include="Classes\Scene\Game\Tank">
      <UniqueIdentifier>{f738ba46-0c95-4171-8a65-fb734a106ae9}</UniqueIdentifier>
    </Filter>
    <Filter Include="Classes\Scene\Game\Pinball">
      <UniqueIdentifier>{d6670c13-de94-40b1-90ab-4523a2ffcd1a}</UniqueIdentifier>
    </Filter>
    <Filter Include="Classes\Scene\Game\Tetris">
      <UniqueIdentifier>{e00d805c-3523-4378-b03d-77607c1db747}</UniqueIdentifier>
    </Filter>
    <Filter Include="Classes\Scene\Game\FlappyBird">
      <UniqueIdentifier>{4a15d1a1-065f-4fff-ac96-0ef24a8728c0}</UniqueIdentifier>
    </Filter>
    <Filter Include="Classes\Scene\Game\HitBrick">
      <UniqueIdentifier>{bb0dd8cb-1156-4e03-bcbc-9ae6972e9280}</UniqueIdentifier>
    </Filter>
    <Filter Include="Classes\Scene\Game\AddBrick">
      <UniqueIdentifier>{ffb983b3-4d19-4906-9cc0-8aba47e37dc8}</UniqueIdentifier>
    </Filter>
  </ItemGroup>
  <ItemGroup>
    <ClCompile Include="main.cpp">
      <Filter>win32</Filter>
    </ClCompile>
    <ClCompile Include="..\Classes\AppDelegate.cpp">
      <Filter>Classes</Filter>
    </ClCompile>
    <ClCompile Include="..\Classes\GameOver.cpp">
      <Filter>Classes\Scene</Filter>
    </ClCompile>
    <ClCompile Include="..\Classes\ChooseGame.cpp">
      <Filter>Classes\Scene</Filter>
    </ClCompile>
    <ClCompile Include="..\Classes\SceneBase.cpp">
      <Filter>Classes\Scene\Base</Filter>
    </ClCompile>
    <ClCompile Include="..\Classes\FroggerGame.cpp">
      <Filter>Classes\Scene\Game\Frogger</Filter>
    </ClCompile>
    <ClCompile Include="..\Classes\RacingGame.cpp">
      <Filter>Classes\Scene\Game\Racing</Filter>
    </ClCompile>
    <ClCompile Include="..\Classes\TankGame.cpp">
      <Filter>Classes\Scene\Game\Tank</Filter>
    </ClCompile>
    <ClCompile Include="..\Classes\BGGlobal.cpp">
      <Filter>Classes</Filter>
    </ClCompile>
    <ClCompile Include="..\Classes\SnakeGame.cpp">
      <Filter>Classes\Scene\Game\Snake</Filter>
    </ClCompile>
    <ClCompile Include="..\Classes\MatchGame.cpp">
      <Filter>Classes\Scene\Game\Match</Filter>
    </ClCompile>
    <ClCompile Include="..\Classes\GeneralManager.cpp">
      <Filter>Classes\Manager</Filter>
    </ClCompile>
    <ClCompile Include="..\Classes\PinballGame.cpp">
      <Filter>Classes\Scene\Game\Pinball</Filter>
    </ClCompile>
    <ClCompile Include="..\Classes\TetrisGame.cpp">
      <Filter>Classes\Scene\Game\Tetris</Filter>
    </ClCompile>
    <ClCompile Include="..\Classes\FlappyBirdGame.cpp">
      <Filter>Classes\Scene\Game\FlappyBird</Filter>
    </ClCompile>
    <ClCompile Include="..\Classes\HitBrickGame.cpp">
      <Filter>Classes\Scene\Game\HitBrick</Filter>
    </ClCompile>
    <ClCompile Include="..\Classes\AddBrickGame.cpp">
      <Filter>Classes\Scene\Game\AddBrick</Filter>
    </ClCompile>
    <ClCompile Include="..\Classes\GameScene.cpp">
      <Filter>Classes\Scene</Filter>
    </ClCompile>
    <ClCompile Include="..\Classes\LoadScene.cpp">
      <Filter>Classes\Scene</Filter>
    </ClCompile>
    <ClCompile Include="..\Classes\SetupLayer.cpp">
      <Filter>Classes\Scene</Filter>
    </ClCompile>
  </ItemGroup>
  <ItemGroup>
    <ClInclude Include="main.h">
      <Filter>win32</Filter>
    </ClInclude>
    <ClInclude Include="..\Classes\AppDelegate.h">
      <Filter>Classes</Filter>
    </ClInclude>
    <ClInclude Include="..\Classes\GameOver.h">
      <Filter>Classes\Scene</Filter>
    </ClInclude>
    <ClInclude Include="..\Classes\ChooseGame.h">
      <Filter>Classes\Scene</Filter>
    </ClInclude>
    <ClInclude Include="..\Classes\SceneBase.h">
      <Filter>Classes\Scene\Base</Filter>
    </ClInclude>
    <ClInclude Include="..\Classes\FroggerGame.h">
      <Filter>Classes\Scene\Game\Frogger</Filter>
    </ClInclude>
    <ClInclude Include="..\Classes\RacingGame.h">
      <Filter>Classes\Scene\Game\Racing</Filter>
    </ClInclude>
    <ClInclude Include="..\Classes\TankGame.h">
      <Filter>Classes\Scene\Game\Tank</Filter>
    </ClInclude>
    <ClInclude Include="..\Classes\BGGlobal.h">
      <Filter>Classes</Filter>
    </ClInclude>
    <ClInclude Include="..\Classes\SnakeGame.h">
      <Filter>Classes\Scene\Game\Snake</Filter>
    </ClInclude>
    <ClInclude Include="..\Classes\MatchGame.h">
      <Filter>Classes\Scene\Game\Match</Filter>
    </ClInclude>
    <ClInclude Include="..\Classes\GeneralManager.h">
      <Filter>Classes\Manager</Filter>
    </ClInclude>
    <ClInclude Include="..\Classes\PinballGame.h">
      <Filter>Classes\Scene\Game\Pinball</Filter>
    </ClInclude>
    <ClInclude Include="..\Classes\TetrisGame.h">
      <Filter>Classes\Scene\Game\Tetris</Filter>
    </ClInclude>
    <ClInclude Include="..\Classes\FlappyBirdGame.h">
      <Filter>Classes\Scene\Game\FlappyBird</Filter>
    </ClInclude>
    <ClInclude Include="..\Classes\HitBrickGame.h">
      <Filter>Classes\Scene\Game\HitBrick</Filter>
    </ClInclude>
    <ClInclude Include="..\Classes\AddBrickGame.h">
      <Filter>Classes\Scene\Game\AddBrick</Filter>
    </ClInclude>
    <ClInclude Include="..\Classes\GameScene.h">
      <Filter>Classes\Scene</Filter>
    </ClInclude>
    <ClInclude Include="..\Classes\LoadScene.h">
      <Filter>Classes\Scene</Filter>
    </ClInclude>
    <ClInclude Include="..\Classes\SetupLayer.h">
      <Filter>Classes\Scene</Filter>
    </ClInclude>
  </ItemGroup>
  <ItemGroup>
    <ResourceCompile Include="game.rc">
      <Filter>resource</Filter>
    </ResourceCompile>
  </ItemGroup>
  <ItemGroup>
    <Image Include="res\game.ico" />
  </ItemGroup>
</Project>