<?xml version="1.0" encoding="utf-8"?>
<Project ToolsVersion="4.0" xmlns="http://schemas.microsoft.com/developer/msbuild/2003">
  <ItemGroup>
    <Filter Include="win32">
      <UniqueIdentifier>{84a8ebd7-7cf0-47f6-b75e-d441df67da40}</UniqueIdentifier>
    </Filter>
    <Filter Include="Classes">
      <UniqueIdentifier>{bb6c862e-70e9-49d9-81b7-3829a6f50471}</UniqueIdentifier>
    </Filter>
    <Filter Include="resource">
      <UniqueIdentifier>{715254bc-d70b-4ec5-bf29-467dd3ace079}</UniqueIdentifier>
    </Filter>
    <Filter Include="Classes\Scene">
      <UniqueIdentifier>{56a56185-0307-43e9-9673-405db7ea4278}</UniqueIdentifier>
    </Filter>
    <Filter Include="Classes\Scene\Base">
      <UniqueIdentifier>{6ed6bad8-dc40-4466-b78e-6df940182264}</UniqueIdentifier>
    </Filter>
    <Filter Include="Classes\Manager">
      <UniqueIdentifier>{deb97da9-665c-4d62-b1e8-2b94952dc677}</UniqueIdentifier>
    </Filter>
    <Filter Include="Classes\Scene\Game">
      <UniqueIdentifier>{cff7e61f-37f2-4e0a-8c24-d9600aa60f66}</UniqueIdentifier>
    </Filter>
    <Filter Include="Classes\Scene\Game\FroggerGame">
      <UniqueIdentifier>{4459115e-86ab-4128-bd8e-8b6336522e9e}</UniqueIdentifier>
    </Filter>
    <Filter Include="Classes\Scene\Game\RacingGame">
      <UniqueIdentifier>{0af63241-50e1-4351-939a-a08268eb44f7}</UniqueIdentifier>
    </Filter>
    <Filter Include="Classes\Scene\Game\TankGame">
      <UniqueIdentifier>{f738ba46-0c95-4171-8a65-fb734a106ae9}</UniqueIdentifier>
    </Filter>
    <Filter Include="Classes\Scene\Game\SnakeGame">
      <UniqueIdentifier>{2f47c368-4b32-455e-af62-e90745a894b9}</UniqueIdentifier>
    </Filter>
  </ItemGroup>
  <ItemGroup>
    <ClCompile Include="main.cpp">
      <Filter>win32</Filter>
    </ClCompile>
    <ClCompile Include="..\Classes\AppDelegate.cpp">
      <Filter>Classes</Filter>
    </ClCompile>
    <ClCompile Include="..\Classes\GameScene.cpp">
      <Filter>Classes</Filter>
    </ClCompile>
    <ClCompile Include="..\Classes\GameOver.cpp">
      <Filter>Classes\Scene</Filter>
    </ClCompile>
    <ClCompile Include="..\Classes\DataManager.cpp">
      <Filter>Classes\Manager</Filter>
    </ClCompile>
    <ClCompile Include="..\Classes\ChooseGame.cpp">
      <Filter>Classes\Scene</Filter>
    </ClCompile>
    <ClCompile Include="..\Classes\SceneBase.cpp">
      <Filter>Classes\Scene\Base</Filter>
    </ClCompile>
    <ClCompile Include="..\Classes\FroggerGame.cpp">
      <Filter>Classes\Scene\Game\FroggerGame</Filter>
    </ClCompile>
    <ClCompile Include="..\Classes\RacingGame.cpp">
      <Filter>Classes\Scene\Game\RacingGame</Filter>
    </ClCompile>
    <ClCompile Include="..\Classes\TankGame.cpp">
      <Filter>Classes\Scene\Game\TankGame</Filter>
    </ClCompile>
    <ClCompile Include="..\Classes\BGGlobal.cpp">
      <Filter>Classes</Filter>
    </ClCompile>
    <ClCompile Include="..\Classes\SnakeGame.cpp">
      <Filter>Classes\Scene\Game\SnakeGame</Filter>
    </ClCompile>
  </ItemGroup>
  <ItemGroup>
    <ClInclude Include="main.h">
      <Filter>win32</Filter>
    </ClInclude>
    <ClInclude Include="..\Classes\AppDelegate.h">
      <Filter>Classes</Filter>
    </ClInclude>
    <ClInclude Include="..\Classes\GameScene.h">
      <Filter>Classes</Filter>
    </ClInclude>
    <ClInclude Include="..\Classes\GameOver.h">
      <Filter>Classes\Scene</Filter>
    </ClInclude>
    <ClInclude Include="..\Classes\DataManager.h">
      <Filter>Classes\Manager</Filter>
    </ClInclude>
    <ClInclude Include="..\Classes\ChooseGame.h">
      <Filter>Classes\Scene</Filter>
    </ClInclude>
    <ClInclude Include="..\Classes\SceneBase.h">
      <Filter>Classes\Scene\Base</Filter>
    </ClInclude>
    <ClInclude Include="..\Classes\FroggerGame.h">
      <Filter>Classes\Scene\Game\FroggerGame</Filter>
    </ClInclude>
    <ClInclude Include="..\Classes\RacingGame.h">
      <Filter>Classes\Scene\Game\RacingGame</Filter>
    </ClInclude>
    <ClInclude Include="..\Classes\TankGame.h">
      <Filter>Classes\Scene\Game\TankGame</Filter>
    </ClInclude>
    <ClInclude Include="..\Classes\BGGlobal.h">
      <Filter>Classes</Filter>
    </ClInclude>
    <ClInclude Include="..\Classes\SnakeGame.h">
      <Filter>Classes\Scene\Game\SnakeGame</Filter>
    </ClInclude>
  </ItemGroup>
  <ItemGroup>
    <ResourceCompile Include="game.rc">
      <Filter>resource</Filter>
    </ResourceCompile>
  </ItemGroup>
</Project>