<?xml version="1.0" encoding="utf-8"?>
<Project ToolsVersion="4.0" xmlns="http://schemas.microsoft.com/developer/msbuild/2003">
  <ItemGroup>
    <Filter Include="win32">
      <UniqueIdentifier>{84a8ebd7-7cf0-47f6-b75e-d441df67da40}</UniqueIdentifier>
    </Filter>
    <Filter Include="Classes">
      <UniqueIdentifier>{bb6c862e-70e9-49d9-81b7-3829a6f50471}</UniqueIdentifier>
    </Filter>
    <Filter Include="resource">
      <UniqueIdentifier>{715254bc-d70b-4ec5-bf29-467dd3ace079}</UniqueIdentifier>
    </Filter>
    <Filter Include="Classes\Scene">
      <UniqueIdentifier>{56a56185-0307-43e9-9673-405db7ea4278}</UniqueIdentifier>
    </Filter>
    <Filter Include="Classes\Scene\Base">
      <UniqueIdentifier>{6ed6bad8-dc40-4466-b78e-6df940182264}</UniqueIdentifier>
    </Filter>
    <Filter Include="Classes\Manager">
      <UniqueIdentifier>{deb97da9-665c-4d62-b1e8-2b94952dc677}</UniqueIdentifier>
    </Filter>
  </ItemGroup>
  <ItemGroup>
    <ClCompile Include="main.cpp">
      <Filter>win32</Filter>
    </ClCompile>
    <ClCompile Include="..\Classes\AppDelegate.cpp">
      <Filter>Classes</Filter>
    </ClCompile>
    <ClCompile Include="..\Classes\GameScene.cpp">
      <Filter>Classes</Filter>
    </ClCompile>
    <ClCompile Include="..\Classes\GameOver.cpp">
      <Filter>Classes\Scene</Filter>
    </ClCompile>
    <ClCompile Include="..\Classes\DataManager.cpp">
      <Filter>Classes\Manager</Filter>
    </ClCompile>
    <ClCompile Include="..\Classes\ChooseGame.cpp">
      <Filter>Classes\Scene</Filter>
    </ClCompile>
    <ClCompile Include="..\Classes\SceneBase.cpp">
      <Filter>Classes\Scene\Base</Filter>
    </ClCompile>
    <ClCompile Include="..\Classes\RacingGame.cpp">
      <Filter>Classes\Scene</Filter>
    </ClCompile>
  </ItemGroup>
  <ItemGroup>
    <ClInclude Include="main.h">
      <Filter>win32</Filter>
    </ClInclude>
    <ClInclude Include="..\Classes\AppDelegate.h">
      <Filter>Classes</Filter>
    </ClInclude>
    <ClInclude Include="..\Classes\GameScene.h">
      <Filter>Classes</Filter>
    </ClInclude>
    <ClInclude Include="..\Classes\GlobalDef.h">
      <Filter>Classes</Filter>
    </ClInclude>
    <ClInclude Include="..\Classes\GameOver.h">
      <Filter>Classes\Scene</Filter>
    </ClInclude>
    <ClInclude Include="..\Classes\DataManager.h">
      <Filter>Classes\Manager</Filter>
    </ClInclude>
    <ClInclude Include="..\Classes\ChooseGame.h">
      <Filter>Classes\Scene</Filter>
    </ClInclude>
    <ClInclude Include="..\Classes\SceneBase.h">
      <Filter>Classes\Scene\Base</Filter>
    </ClInclude>
    <ClInclude Include="..\Classes\RacingGame.h">
      <Filter>Classes\Scene</Filter>
    </ClInclude>
  </ItemGroup>
  <ItemGroup>
    <ResourceCompile Include="game.rc">
      <Filter>resource</Filter>
    </ResourceCompile>
  </ItemGroup>
</Project>